<?xml version="1.0" encoding="utf-8"?>
<Project ToolsVersion="4.0" xmlns="http://schemas.microsoft.com/developer/msbuild/2003">
  <ItemGroup>
    <Filter Include="Source Files">
      <UniqueIdentifier>{4FC737F1-C7A5-4376-A066-2A32D752A2FF}</UniqueIdentifier>
      <Extensions>cpp;c;cc;cxx;def;odl;idl;hpj;bat;asm;asmx</Extensions>
    </Filter>
    <Filter Include="Header Files">
      <UniqueIdentifier>{93995380-89BD-4b04-88EB-625FBE52EBFB}</UniqueIdentifier>
      <Extensions>h;hpp;hxx;hm;inl;inc;xsd</Extensions>
    </Filter>
    <Filter Include="Resource Files">
      <UniqueIdentifier>{67DA6AB6-F800-4c08-8B7A-83BB121AAD01}</UniqueIdentifier>
      <Extensions>rc;ico;cur;bmp;dlg;rc2;rct;bin;rgs;gif;jpg;jpeg;jpe;resx;tiff;tif;png;wav;mfcribbon-ms</Extensions>
    </Filter>
  </ItemGroup>
  <ItemGroup>
    <None Include="ReadMe.txt" />
  </ItemGroup>
  <ItemGroup>
    <ClInclude Include="stdafx.h">
      <Filter>Header Files</Filter>
    </ClInclude>
    <ClInclude Include="targetver.h">
      <Filter>Header Files</Filter>
    </ClInclude>
    <ClInclude Include="Caixa.h">
      <Filter>Header Files</Filter>
    </ClInclude>
    <ClInclude Include="Container.h">
      <Filter>Header Files</Filter>
    </ClInclude>
    <ClInclude Include="Entidade.h">
      <Filter>Header Files</Filter>
    </ClInclude>
    <ClInclude Include="Fase.h">
      <Filter>Header Files</Filter>
    </ClInclude>
    <ClInclude Include="Fase1.h">
      <Filter>Header Files</Filter>
    </ClInclude>
    <ClInclude Include="Fase2.h">
      <Filter>Header Files</Filter>
    </ClInclude>
    <ClInclude Include="Fase3.h">
      <Filter>Header Files</Filter>
    </ClInclude>
    <ClInclude Include="GerenciadorGrafico.h">
      <Filter>Header Files</Filter>
    </ClInclude>
    <ClInclude Include="Inimigo.h">
      <Filter>Header Files</Filter>
    </ClInclude>
    <ClInclude Include="Jogador.h">
      <Filter>Header Files</Filter>
    </ClInclude>
    <ClInclude Include="Jogo.h">
      <Filter>Header Files</Filter>
    </ClInclude>
    <ClInclude Include="Menu.h">
      <Filter>Header Files</Filter>
    </ClInclude>
    <ClInclude Include="MenuEscolherFase.h">
      <Filter>Header Files</Filter>
    </ClInclude>
    <ClInclude Include="MenuJogar.h">
      <Filter>Header Files</Filter>
    </ClInclude>
    <ClInclude Include="MenuPausar.h">
      <Filter>Header Files</Filter>
    </ClInclude>
    <ClInclude Include="MenuRaiz.h">
      <Filter>Header Files</Filter>
    </ClInclude>
    <ClInclude Include="Obstaculo.h">
      <Filter>Header Files</Filter>
    </ClInclude>
    <ClInclude Include="Personagem.h">
      <Filter>Header Files</Filter>
    </ClInclude>
    <ClInclude Include="Principal.h">
      <Filter>Header Files</Filter>
    </ClInclude>
    <ClInclude Include="Soldier.h">
      <Filter>Header Files</Filter>
    </ClInclude>
    <ClInclude Include="Teclado.h">
      <Filter>Header Files</Filter>
    </ClInclude>
    <ClInclude Include="Tecs.h">
      <Filter>Header Files</Filter>
    </ClInclude>
    <ClInclude Include="TimerFPS.h">
      <Filter>Header Files</Filter>
    </ClInclude>
    <ClInclude Include="Usuario.h">
      <Filter>Header Files</Filter>
    </ClInclude>
    <ClInclude Include="Spy.h">
      <Filter>Header Files</Filter>
    </ClInclude>
    <ClInclude Include="Demoman.h">
      <Filter>Header Files</Filter>
    </ClInclude>
    <ClInclude Include="Engineer.h">
      <Filter>Header Files</Filter>
    </ClInclude>
    <ClInclude Include="Pyro.h">
      <Filter>Header Files</Filter>
    </ClInclude>
    <ClInclude Include="Heavy.h">
      <Filter>Header Files</Filter>
    </ClInclude>
    <ClInclude Include="Sentry.h">
      <Filter>Header Files</Filter>
    </ClInclude>
    <ClInclude Include="Cart.h">
      <Filter>Header Files</Filter>
    </ClInclude>
    <ClInclude Include="Dispenser.h">
      <Filter>Header Files</Filter>
    </ClInclude>
    <ClInclude Include="GerenciadorColisao.h">
      <Filter>Header Files</Filter>
    </ClInclude>
    <ClInclude Include="Fabrica.h">
      <Filter>Header Files</Filter>
    </ClInclude>
    <ClInclude Include="FabricaObstaculo.h">
      <Filter>Header Files</Filter>
    </ClInclude>
    <ClInclude Include="GerenciadorArquivos.h">
      <Filter>Header Files</Filter>
    </ClInclude>
    <ClInclude Include="FaseBatalha.h">
      <Filter>Header Files</Filter>
    </ClInclude>
    <ClInclude Include="ImprimeInfos.h">
      <Filter>Header Files</Filter>
    </ClInclude>
    <ClInclude Include="Fundo.h">
      <Filter>Header Files</Filter>
    </ClInclude>
    <ClInclude Include="Cenario.h">
      <Filter>Header Files</Filter>
    </ClInclude>
    <ClInclude Include="Cenario1.h">
      <Filter>Header Files</Filter>
    </ClInclude>
    <ClInclude Include="Cenario2.h">
      <Filter>Header Files</Filter>
    </ClInclude>
    <ClInclude Include="Cenario3.h">
      <Filter>Header Files</Filter>
    </ClInclude>
    <ClInclude Include="Gerenciador_Save.h">
      <Filter>Header Files</Filter>
    </ClInclude>
  </ItemGroup>
  <ItemGroup>
    <ClCompile Include="stdafx.cpp">
      <Filter>Source Files</Filter>
    </ClCompile>
    <ClCompile Include="Meet The Scout.cpp">
      <Filter>Source Files</Filter>
    </ClCompile>
    <ClCompile Include="Caixa.cpp">
      <Filter>Source Files</Filter>
    </ClCompile>
    <ClCompile Include="Container.cpp">
      <Filter>Source Files</Filter>
    </ClCompile>
    <ClCompile Include="Entidade.cpp">
      <Filter>Source Files</Filter>
    </ClCompile>
    <ClCompile Include="Fase.cpp">
      <Filter>Source Files</Filter>
    </ClCompile>
    <ClCompile Include="Fase1.cpp">
      <Filter>Source Files</Filter>
    </ClCompile>
    <ClCompile Include="Fase2.cpp">
      <Filter>Source Files</Filter>
    </ClCompile>
    <ClCompile Include="Fase3.cpp">
      <Filter>Source Files</Filter>
    </ClCompile>
    <ClCompile Include="GerenciadorGrafico.cpp">
      <Filter>Source Files</Filter>
    </ClCompile>
    <ClCompile Include="Inimigo.cpp">
      <Filter>Source Files</Filter>
    </ClCompile>
    <ClCompile Include="Jogador.cpp">
      <Filter>Source Files</Filter>
    </ClCompile>
    <ClCompile Include="Jogo.cpp">
      <Filter>Source Files</Filter>
    </ClCompile>
    <ClCompile Include="Menu.cpp">
      <Filter>Source Files</Filter>
    </ClCompile>
    <ClCompile Include="MenuEscolherFase.cpp">
      <Filter>Source Files</Filter>
    </ClCompile>
    <ClCompile Include="MenuJogar.cpp">
      <Filter>Source Files</Filter>
    </ClCompile>
    <ClCompile Include="MenuPausar.cpp">
      <Filter>Source Files</Filter>
    </ClCompile>
    <ClCompile Include="MenuRaiz.cpp">
      <Filter>Source Files</Filter>
    </ClCompile>
    <ClCompile Include="Obstaculo.cpp">
      <Filter>Source Files</Filter>
    </ClCompile>
    <ClCompile Include="Personagem.cpp">
      <Filter>Source Files</Filter>
    </ClCompile>
    <ClCompile Include="Principal.cpp">
      <Filter>Source Files</Filter>
    </ClCompile>
    <ClCompile Include="Soldier.cpp">
      <Filter>Source Files</Filter>
    </ClCompile>
    <ClCompile Include="Teclado.cpp">
      <Filter>Source Files</Filter>
    </ClCompile>
    <ClCompile Include="Tecs.cpp">
      <Filter>Source Files</Filter>
    </ClCompile>
    <ClCompile Include="TimerFPS.cpp">
      <Filter>Source Files</Filter>
    </ClCompile>
    <ClCompile Include="Usuario.cpp">
      <Filter>Source Files</Filter>
    </ClCompile>
    <ClCompile Include="Spy.cpp">
      <Filter>Source Files</Filter>
    </ClCompile>
    <ClCompile Include="Demoman.cpp">
      <Filter>Source Files</Filter>
    </ClCompile>
    <ClCompile Include="Engineer.cpp">
      <Filter>Source Files</Filter>
    </ClCompile>
    <ClCompile Include="Pyro.cpp">
      <Filter>Source Files</Filter>
    </ClCompile>
    <ClCompile Include="Heavy.cpp">
      <Filter>Source Files</Filter>
    </ClCompile>
    <ClCompile Include="Sentry.cpp">
      <Filter>Source Files</Filter>
    </ClCompile>
    <ClCompile Include="Cart.cpp">
      <Filter>Source Files</Filter>
    </ClCompile>
    <ClCompile Include="Dispenser.cpp">
      <Filter>Source Files</Filter>
    </ClCompile>
    <ClCompile Include="GerenciadorColisao.cpp">
      <Filter>Source Files</Filter>
    </ClCompile>
    <ClCompile Include="FabricaObstaculo.cpp">
      <Filter>Source Files</Filter>
    </ClCompile>
    <ClCompile Include="GerenciadorArquivos.cpp">
      <Filter>Source Files</Filter>
    </ClCompile>
    <ClCompile Include="FaseBatalha.cpp">
      <Filter>Source Files</Filter>
    </ClCompile>
    <ClCompile Include="ImprimeInfos.cpp">
      <Filter>Source Files</Filter>
    </ClCompile>
    <ClCompile Include="Fundo.cpp">
      <Filter>Source Files</Filter>
    </ClCompile>
    <ClCompile Include="Cenario.cpp">
      <Filter>Source Files</Filter>
    </ClCompile>
    <ClCompile Include="Cenario1.cpp">
      <Filter>Source Files</Filter>
    </ClCompile>
    <ClCompile Include="Cenario2.cpp">
      <Filter>Source Files</Filter>
    </ClCompile>
    <ClCompile Include="Cenario3.cpp">
      <Filter>Source Files</Filter>
    </ClCompile>
    <ClCompile Include="Gerenciador_Save.cpp">
      <Filter>Source Files</Filter>
    </ClCompile>
  </ItemGroup>
</Project>